
Microsoft Visual Studio Solution File, Format Version 12.00
# Visual Studio Version 17
VisualStudioVersion = 17.6.33723.286
MinimumVisualStudioVersion = 10.0.40219.1
Project("{9A19103F-16F7-4668-BE54-9A1E7A4F7556}") = "CRM.WebUI", "CRM.WebUI\CRM.WebUI.csproj", "{F2950857-3173-4BD8-9B1A-3F88AD6C734B}"
EndProject
Project("{9A19103F-16F7-4668-BE54-9A1E7A4F7556}") = "CRM.Entity", "CRM.Entity\CRM.Entity.csproj", "{309971E2-F095-4F71-B759-DDA9E9D0C08F}"
EndProject
Project("{9A19103F-16F7-4668-BE54-9A1E7A4F7556}") = "CRM.DataAccess", "CRM.DataAccess\CRM.DataAccess.csproj", "{5A8DDFA3-BD10-4F6D-AF85-D869D57AC87C}"
EndProject
Project("{9A19103F-16F7-4668-BE54-9A1E7A4F7556}") = "CRM.Business", "CRM.Business\CRM.Business.csproj", "{195DE6F2-4175-4D09-AA60-7C7E875D0322}"
EndProject
Project("{9A19103F-16F7-4668-BE54-9A1E7A4F7556}") = "CRM.API", "CRM.API\CRM.API.csproj", "{49078978-3058-4E4B-8D8F-EC8A529D9C1E}"
EndProject
Project("{FAE04EC0-301F-11D3-BF4B-00C04F79EFBC}") = "CRM.DataTypeObjects", "CRM.DataTypeObjects\CRM.DataTypeObjects.csproj", "{7207EC42-5FC2-4A4D-B6CD-136C29423750}"
EndProject
Global
	GlobalSection(SolutionConfigurationPlatforms) = preSolution
		Debug|Any CPU = Debug|Any CPU
		Release|Any CPU = Release|Any CPU
	EndGlobalSection
	GlobalSection(ProjectConfigurationPlatforms) = postSolution
		{F2950857-3173-4BD8-9B1A-3F88AD6C734B}.Debug|Any CPU.ActiveCfg = Debug|Any CPU
		{F2950857-3173-4BD8-9B1A-3F88AD6C734B}.Debug|Any CPU.Build.0 = Debug|Any CPU
		{F2950857-3173-4BD8-9B1A-3F88AD6C734B}.Release|Any CPU.ActiveCfg = Release|Any CPU
		{F2950857-3173-4BD8-9B1A-3F88AD6C734B}.Release|Any CPU.Build.0 = Release|Any CPU
		{309971E2-F095-4F71-B759-DDA9E9D0C08F}.Debug|Any CPU.ActiveCfg = Debug|Any CPU
		{309971E2-F095-4F71-B759-DDA9E9D0C08F}.Debug|Any CPU.Build.0 = Debug|Any CPU
		{309971E2-F095-4F71-B759-DDA9E9D0C08F}.Release|Any CPU.ActiveCfg = Release|Any CPU
		{309971E2-F095-4F71-B759-DDA9E9D0C08F}.Release|Any CPU.Build.0 = Release|Any CPU
		{5A8DDFA3-BD10-4F6D-AF85-D869D57AC87C}.Debug|Any CPU.ActiveCfg = Debug|Any CPU
		{5A8DDFA3-BD10-4F6D-AF85-D869D57AC87C}.Debug|Any CPU.Build.0 = Debug|Any CPU
		{5A8DDFA3-BD10-4F6D-AF85-D869D57AC87C}.Release|Any CPU.ActiveCfg = Release|Any CPU
		{5A8DDFA3-BD10-4F6D-AF85-D869D57AC87C}.Release|Any CPU.Build.0 = Release|Any CPU
		{195DE6F2-4175-4D09-AA60-7C7E875D0322}.Debug|Any CPU.ActiveCfg = Debug|Any CPU
		{195DE6F2-4175-4D09-AA60-7C7E875D0322}.Debug|Any CPU.Build.0 = Debug|Any CPU
		{195DE6F2-4175-4D09-AA60-7C7E875D0322}.Release|Any CPU.ActiveCfg = Release|Any CPU
		{195DE6F2-4175-4D09-AA60-7C7E875D0322}.Release|Any CPU.Build.0 = Release|Any CPU
		{49078978-3058-4E4B-8D8F-EC8A529D9C1E}.Debug|Any CPU.ActiveCfg = Debug|Any CPU
		{49078978-3058-4E4B-8D8F-EC8A529D9C1E}.Debug|Any CPU.Build.0 = Debug|Any CPU
		{49078978-3058-4E4B-8D8F-EC8A529D9C1E}.Release|Any CPU.ActiveCfg = Release|Any CPU
		{49078978-3058-4E4B-8D8F-EC8A529D9C1E}.Release|Any CPU.Build.0 = Release|Any CPU
		{7207EC42-5FC2-4A4D-B6CD-136C29423750}.Debug|Any CPU.ActiveCfg = Debug|Any CPU
		{7207EC42-5FC2-4A4D-B6CD-136C29423750}.Debug|Any CPU.Build.0 = Debug|Any CPU
		{7207EC42-5FC2-4A4D-B6CD-136C29423750}.Release|Any CPU.ActiveCfg = Release|Any CPU
		{7207EC42-5FC2-4A4D-B6CD-136C29423750}.Release|Any CPU.Build.0 = Release|Any CPU
	EndGlobalSection
	GlobalSection(SolutionProperties) = preSolution
		HideSolutionNode = FALSE
	EndGlobalSection
	GlobalSection(ExtensibilityGlobals) = postSolution
		SolutionGuid = {C83CFC81-64CC-4C82-8F2F-EED2DC790A80}
	EndGlobalSection
EndGlobal
